
Microsoft Visual Studio Solution File, Format Version 12.00
# Visual Studio Version 16
VisualStudioVersion = 16.0.31205.134
MinimumVisualStudioVersion = 10.0.40219.1
Project("{8BC9CEB8-8B4A-11D0-8D11-00A0C91BC942}") = "cursach", "cursach\cursach.vcxproj", "{42381FA1-6882-43BC-B58B-7DD322F3E3B7}"
EndProject
Global
	GlobalSection(SolutionConfigurationPlatforms) = preSolution
		Debug|x64 = Debug|x64
		Debug|x86 = Debug|x86
		Release|x64 = Release|x64
		Release|x86 = Release|x86
	EndGlobalSection
	GlobalSection(ProjectConfigurationPlatforms) = postSolution
		{42381FA1-6882-43BC-B58B-7DD322F3E3B7}.Debug|x64.ActiveCfg = Debug|x64
		{42381FA1-6882-43BC-B58B-7DD322F3E3B7}.Debug|x64.Build.0 = Debug|x64
		{42381FA1-6882-43BC-B58B-7DD322F3E3B7}.Debug|x86.ActiveCfg = Debug|Win32
		{42381FA1-6882-43BC-B58B-7DD322F3E3B7}.Debug|x86.Build.0 = Debug|Win32
		{42381FA1-6882-43BC-B58B-7DD322F3E3B7}.Release|x64.ActiveCfg = Release|x64
		{42381FA1-6882-43BC-B58B-7DD322F3E3B7}.Release|x64.Build.0 = Release|x64
		{42381FA1-6882-43BC-B58B-7DD322F3E3B7}.Release|x86.ActiveCfg = Release|Win32
		{42381FA1-6882-43BC-B58B-7DD322F3E3B7}.Release|x86.Build.0 = Release|Win32
	EndGlobalSection
	GlobalSection(SolutionProperties) = preSolution
		HideSolutionNode = FALSE
	EndGlobalSection
	GlobalSection(ExtensibilityGlobals) = postSolution
		SolutionGuid = {BD6A432D-FC22-4069-93BE-A648EE0C5CDA}
	EndGlobalSection
EndGlobal
